
Microsoft Visual Studio Solution File, Format Version 10.00
# Visual Studio 2008
Project("{FAE04EC0-301F-11D3-BF4B-00C04F79EFBC}") = "FB_PlayerTransactions", "FB_PlayerTransactions.csproj", "{6C4FE2D9-7906-4766-A254-219013EDBB63}"
EndProject
Global
	GlobalSection(SolutionConfigurationPlatforms) = preSolution
		Debug|Any CPU = Debug|Any CPU
		Release|Any CPU = Release|Any CPU
	EndGlobalSection
	GlobalSection(ProjectConfigurationPlatforms) = postSolution
		{6C4FE2D9-7906-4766-A254-219013EDBB63}.Debug|Any CPU.ActiveCfg = Debug|Any CPU
		{6C4FE2D9-7906-4766-A254-219013EDBB63}.Debug|Any CPU.Build.0 = Debug|Any CPU
		{6C4FE2D9-7906-4766-A254-219013EDBB63}.Release|Any CPU.ActiveCfg = Release|Any CPU
		{6C4FE2D9-7906-4766-A254-219013EDBB63}.Release|Any CPU.Build.0 = Release|Any CPU
	EndGlobalSection
	GlobalSection(SolutionProperties) = preSolution
		HideSolutionNode = FALSE
	EndGlobalSection
EndGlobal
